{
  "requires": true,
  "lockfileVersion": 1,
  "dependencies": {
    "cordova-plugin-cookiemaster": {
      "version": "1.0.5",
      "resolved": "https://registry.npmjs.org/cordova-plugin-cookiemaster/-/cordova-plugin-cookiemaster-1.0.5.tgz",
      "integrity": "sha512-5cYEH+/85TGmyY+NYdQxLhK6i2RkF57TnQOAtdoz4a3GOycYzD7pGqUBAj2j4DU/KI5As4TwrpZkQS7sX+WO8A=="
    }
  }
}
